// !$*UTF8*$!
{
	archiveVersion = 1;
	classes = {
	};
	objectVersion = 46;
	objects = {

/* Begin PBXBuildFile section */
		C01871551BF5395500AA8CCB /* CTDateTimePicker.m in Sources */ = {isa = PBXBuildFile; fileRef = C01871541BF5395500AA8CCB /* CTDateTimePicker.m */; };
		C0D1A4F91BF53F750021E768 /* RMActionController.m in Sources */ = {isa = PBXBuildFile; fileRef = C0D1A4F71BF53F750021E768 /* RMActionController.m */; };
		C0D1A4FE1BF540190021E768 /* RMDateSelectionViewController.m in Sources */ = {isa = PBXBuildFile; fileRef = C0D1A4FC1BF540190021E768 /* RMDateSelectionViewController.m */; };
/* End PBXBuildFile section */

/* Begin PBXCopyFilesBuildPhase section */
		C0487DE81BF51A8D00811D40 /* CopyFiles */ = {
			isa = PBXCopyFilesBuildPhase;
			buildActionMask = 2147483647;
			dstPath = "include/$(PRODUCT_NAME)";
			dstSubfolderSpec = 16;
			files = (
			);
			runOnlyForDeploymentPostprocessing = 0;
		};
/* End PBXCopyFilesBuildPhase section */

/* Begin PBXFileReference section */
		C01871531BF5395500AA8CCB /* CTDateTimePicker.h */ = {isa = PBXFileReference; fileEncoding = 4; lastKnownFileType = sourcecode.c.h; path = CTDateTimePicker.h; sourceTree = SOURCE_ROOT; };
		C01871541BF5395500AA8CCB /* CTDateTimePicker.m */ = {isa = PBXFileReference; fileEncoding = 4; lastKnownFileType = sourcecode.c.objc; path = CTDateTimePicker.m; sourceTree = SOURCE_ROOT; };
		C0487DEA1BF51A8D00811D40 /* libCTDateTimePicker.a */ = {isa = PBXFileReference; explicitFileType = archive.ar; includeInIndex = 0; path = libCTDateTimePicker.a; sourceTree = BUILT_PRODUCTS_DIR; };
		C0D1A4F61BF53F750021E768 /* RMActionController.h */ = {isa = PBXFileReference; lastKnownFileType = sourcecode.c.h; name = RMActionController.h; path = ../RMActionController/RMActionController/RMActionController.h; sourceTree = "<group>"; };
		C0D1A4F71BF53F750021E768 /* RMActionController.m */ = {isa = PBXFileReference; lastKnownFileType = sourcecode.c.objc; name = RMActionController.m; path = ../RMActionController/RMActionController/RMActionController.m; sourceTree = "<group>"; };
		C0D1A4FB1BF540190021E768 /* RMDateSelectionViewController.h */ = {isa = PBXFileReference; lastKnownFileType = sourcecode.c.h; name = RMDateSelectionViewController.h; path = ../RMDateSelectionViewController/RMDateSelectionViewController/RMDateSelectionViewController.h; sourceTree = "<group>"; };
		C0D1A4FC1BF540190021E768 /* RMDateSelectionViewController.m */ = {isa = PBXFileReference; lastKnownFileType = sourcecode.c.objc; name = RMDateSelectionViewController.m; path = ../RMDateSelectionViewController/RMDateSelectionViewController/RMDateSelectionViewController.m; sourceTree = "<group>"; };
/* End PBXFileReference section */

/* Begin PBXFrameworksBuildPhase section */
		C0487DE71BF51A8D00811D40 /* Frameworks */ = {
			isa = PBXFrameworksBuildPhase;
			buildActionMask = 2147483647;
			files = (
			);
			runOnlyForDeploymentPostprocessing = 0;
		};
/* End PBXFrameworksBuildPhase section */

/* Begin PBXGroup section */
		C0487DE11BF51A8D00811D40 = {
			isa = PBXGroup;
			children = (
				C0487DEC1BF51A8D00811D40 /* CTDateTimePicker */,
				C0D1A4FA1BF53FE80021E768 /* RMActionController */,
				C0D1A4FF1BF540270021E768 /* RMDateSelectionViewController */,
				C0487DEB1BF51A8D00811D40 /* Products */,
			);
			sourceTree = "<group>";
		};
		C0487DEB1BF51A8D00811D40 /* Products */ = {
			isa = PBXGroup;
			children = (
				C0487DEA1BF51A8D00811D40 /* libCTDateTimePicker.a */,
			);
			name = Products;
			sourceTree = "<group>";
		};
		C0487DEC1BF51A8D00811D40 /* CTDateTimePicker */ = {
			isa = PBXGroup;
			children = (
				C01871531BF5395500AA8CCB /* CTDateTimePicker.h */,
				C01871541BF5395500AA8CCB /* CTDateTimePicker.m */,
			);
			path = CTDateTimePicker;
			sourceTree = "<group>";
		};
		C0D1A4FA1BF53FE80021E768 /* RMActionController */ = {
			isa = PBXGroup;
			children = (
				C0D1A4F61BF53F750021E768 /* RMActionController.h */,
				C0D1A4F71BF53F750021E768 /* RMActionController.m */,
			);
			name = RMActionController;
			sourceTree = "<group>";
		};
		C0D1A4FF1BF540270021E768 /* RMDateSelectionViewController */ = {
			isa = PBXGroup;
			children = (
				C0D1A4FB1BF540190021E768 /* RMDateSelectionViewController.h */,
				C0D1A4FC1BF540190021E768 /* RMDateSelectionViewController.m */,
			);
			name = RMDateSelectionViewController;
			sourceTree = "<group>";
		};
/* End PBXGroup section */

/* Begin PBXNativeTarget section */
		C0487DE91BF51A8D00811D40 /* CTDateTimePicker */ = {
			isa = PBXNativeTarget;
			buildConfigurationList = C0487DF31BF51A8D00811D40 /* Build configuration list for PBXNativeTarget "CTDateTimePicker" */;
			buildPhases = (
				C0487DE61BF51A8D00811D40 /* Sources */,
				C0487DE71BF51A8D00811D40 /* Frameworks */,
				C0487DE81BF51A8D00811D40 /* CopyFiles */,
			);
			buildRules = (
			);
			dependencies = (
			);
			name = CTDateTimePicker;
			productName = CTDateTimePicker;
			productReference = C0487DEA1BF51A8D00811D40 /* libCTDateTimePicker.a */;
			productType = "com.apple.product-type.library.static";
		};
/* End PBXNativeTarget section */

/* Begin PBXProject section */
		C0487DE21BF51A8D00811D40 /* Project object */ = {
			isa = PBXProject;
			attributes = {
				LastUpgradeCheck = 0710;
				ORGANIZATIONNAME = "Oleg Kertanov";
				TargetAttributes = {
					C0487DE91BF51A8D00811D40 = {
						CreatedOnToolsVersion = 7.1;
					};
				};
			};
			buildConfigurationList = C0487DE51BF51A8D00811D40 /* Build configuration list for PBXProject "CTDateTimePicker" */;
			compatibilityVersion = "Xcode 3.2";
			developmentRegion = English;
			hasScannedForEncodings = 0;
			knownRegions = (
				en,
			);
			mainGroup = C0487DE11BF51A8D00811D40;
			productRefGroup = C0487DEB1BF51A8D00811D40 /* Products */;
			projectDirPath = "";
			projectRoot = "";
			targets = (
				C0487DE91BF51A8D00811D40 /* CTDateTimePicker */,
			);
		};
/* End PBXProject section */

/* Begin PBXSourcesBuildPhase section */
		C0487DE61BF51A8D00811D40 /* Sources */ = {
			isa = PBXSourcesBuildPhase;
			buildActionMask = 2147483647;
			files = (
				C01871551BF5395500AA8CCB /* CTDateTimePicker.m in Sources */,
				C0D1A4FE1BF540190021E768 /* RMDateSelectionViewController.m in Sources */,
				C0D1A4F91BF53F750021E768 /* RMActionController.m in Sources */,
			);
			runOnlyForDeploymentPostprocessing = 0;
		};
/* End PBXSourcesBuildPhase section */

/* Begin XCBuildConfiguration section */
		C0487DF11BF51A8D00811D40 /* Debug */ = {
			isa = XCBuildConfiguration;
			buildSettings = {
				ALWAYS_SEARCH_USER_PATHS = NO;
				CLANG_CXX_LANGUAGE_STANDARD = "gnu++0x";
				CLANG_CXX_LIBRARY = "libc++";
				CLANG_ENABLE_MODULES = YES;
				CLANG_ENABLE_OBJC_ARC = YES;
				CLANG_WARN_BOOL_CONVERSION = YES;
				CLANG_WARN_CONSTANT_CONVERSION = YES;
				CLANG_WARN_DIRECT_OBJC_ISA_USAGE = YES_ERROR;
				CLANG_WARN_EMPTY_BODY = YES;
				CLANG_WARN_ENUM_CONVERSION = YES;
				CLANG_WARN_INT_CONVERSION = YES;
				CLANG_WARN_OBJC_ROOT_CLASS = YES_ERROR;
				CLANG_WARN_UNREACHABLE_CODE = YES;
				CLANG_WARN__DUPLICATE_METHOD_MATCH = YES;
				"CODE_SIGN_IDENTITY[sdk=iphoneos*]" = "iPhone Developer";
				COPY_PHASE_STRIP = NO;
				DEBUG_INFORMATION_FORMAT = dwarf;
				ENABLE_STRICT_OBJC_MSGSEND = YES;
				ENABLE_TESTABILITY = YES;
				GCC_C_LANGUAGE_STANDARD = gnu99;
				GCC_DYNAMIC_NO_PIC = NO;
				GCC_NO_COMMON_BLOCKS = YES;
				GCC_OPTIMIZATION_LEVEL = 0;
				GCC_PREPROCESSOR_DEFINITIONS = (
					"DEBUG=1",
					"$(inherited)",
				);
				GCC_WARN_64_TO_32_BIT_CONVERSION = YES;
				GCC_WARN_ABOUT_RETURN_TYPE = YES_ERROR;
				GCC_WARN_UNDECLARED_SELECTOR = YES;
				GCC_WARN_UNINITIALIZED_AUTOS = YES_AGGRESSIVE;
				GCC_WARN_UNUSED_FUNCTION = YES;
				GCC_WARN_UNUSED_VARIABLE = YES;
				HEADER_SEARCH_PATHS = (
					./,
					../,
					../RMActionController/,
				);
				IPHONEOS_DEPLOYMENT_TARGET = 8.2;
				MTL_ENABLE_DEBUG_INFO = YES;
				ONLY_ACTIVE_ARCH = YES;
				SDKROOT = iphoneos;
			};
			name = Debug;
		};
		C0487DF21BF51A8D00811D40 /* Release */ = {
			isa = XCBuildConfiguration;
			buildSettings = {
				ALWAYS_SEARCH_USER_PATHS = NO;
				CLANG_CXX_LANGUAGE_STANDARD = "gnu++0x";
				CLANG_CXX_LIBRARY = "libc++";
				CLANG_ENABLE_MODULES = YES;
				CLANG_ENABLE_OBJC_ARC = YES;
				CLANG_WARN_BOOL_CONVERSION = YES;
				CLANG_WARN_CONSTANT_CONVERSION = YES;
				CLANG_WARN_DIRECT_OBJC_ISA_USAGE = YES_ERROR;
				CLANG_WARN_EMPTY_BODY = YES;
				CLANG_WARN_ENUM_CONVERSION = YES;
				CLANG_WARN_INT_CONVERSION = YES;
				CLANG_WARN_OBJC_ROOT_CLASS = YES_ERROR;
				CLANG_WARN_UNREACHABLE_CODE = YES;
				CLANG_WARN__DUPLICATE_METHOD_MATCH = YES;
				"CODE_SIGN_IDENTITY[sdk=iphoneos*]" = "iPhone Developer";
				COPY_PHASE_STRIP = NO;
				DEBUG_INFORMATION_FORMAT = "dwarf-with-dsym";
				ENABLE_NS_ASSERTIONS = NO;
				ENABLE_STRICT_OBJC_MSGSEND = YES;
				GCC_C_LANGUAGE_STANDARD = gnu99;
				GCC_NO_COMMON_BLOCKS = YES;
				GCC_WARN_64_TO_32_BIT_CONVERSION = YES;
				GCC_WARN_ABOUT_RETURN_TYPE = YES_ERROR;
				GCC_WARN_UNDECLARED_SELECTOR = YES;
				GCC_WARN_UNINITIALIZED_AUTOS = YES_AGGRESSIVE;
				GCC_WARN_UNUSED_FUNCTION = YES;
				GCC_WARN_UNUSED_VARIABLE = YES;
				HEADER_SEARCH_PATHS = (
					./,
					../,
					../RMActionController/,
				);
				IPHONEOS_DEPLOYMENT_TARGET = 8.2;
				MTL_ENABLE_DEBUG_INFO = NO;
				SDKROOT = iphoneos;
				VALIDATE_PRODUCT = YES;
			};
			name = Release;
		};
		C0487DF41BF51A8D00811D40 /* Debug */ = {
			isa = XCBuildConfiguration;
			buildSettings = {
				HEADER_SEARCH_PATHS = (
					./,
					../,
					../RMActionController/,
					../RMDateSelectionViewController,
				);
				OTHER_LDFLAGS = "-ObjC";
				PRODUCT_NAME = "$(TARGET_NAME)";
				SKIP_INSTALL = YES;
			};
			name = Debug;
		};
		C0487DF51BF51A8D00811D40 /* Release */ = {
			isa = XCBuildConfiguration;
			buildSettings = {
				HEADER_SEARCH_PATHS = (
					./,
					../,
					../RMActionController/,
					../RMDateSelectionViewController,
				);
				OTHER_LDFLAGS = "-ObjC";
				PRODUCT_NAME = "$(TARGET_NAME)";
				SKIP_INSTALL = YES;
			};
			name = Release;
		};
/* End XCBuildConfiguration section */

/* Begin XCConfigurationList section */
		C0487DE51BF51A8D00811D40 /* Build configuration list for PBXProject "CTDateTimePicker" */ = {
			isa = XCConfigurationList;
			buildConfigurations = (
				C0487DF11BF51A8D00811D40 /* Debug */,
				C0487DF21BF51A8D00811D40 /* Release */,
			);
			defaultConfigurationIsVisible = 0;
			defaultConfigurationName = Release;
		};
		C0487DF31BF51A8D00811D40 /* Build configuration list for PBXNativeTarget "CTDateTimePicker" */ = {
			isa = XCConfigurationList;
			buildConfigurations = (
				C0487DF41BF51A8D00811D40 /* Debug */,
				C0487DF51BF51A8D00811D40 /* Release */,
			);
			defaultConfigurationIsVisible = 0;
			defaultConfigurationName = Release;
		};
/* End XCConfigurationList section */
	};
	rootObject = C0487DE21BF51A8D00811D40 /* Project object */;
}
